
Microsoft Visual Studio Solution File, Format Version 12.00
# Visual Studio Version 17
VisualStudioVersion = 17.14.36301.6 d17.14
MinimumVisualStudioVersion = 10.0.40219.1
Project("{FAE04EC0-301F-11D3-BF4B-00C04F79EFBC}") = "Projekat_tema7", "Projekat_tema7\Projekat_tema7.csproj", "{17273931-84DA-4ACB-B1AE-25E330DE0E5B}"
EndProject
Global
	GlobalSection(SolutionConfigurationPlatforms) = preSolution
		Debug|Any CPU = Debug|Any CPU
		Release|Any CPU = Release|Any CPU
	EndGlobalSection
	GlobalSection(ProjectConfigurationPlatforms) = postSolution
		{17273931-84DA-4ACB-B1AE-25E330DE0E5B}.Debug|Any CPU.ActiveCfg = Debug|Any CPU
		{17273931-84DA-4ACB-B1AE-25E330DE0E5B}.Debug|Any CPU.Build.0 = Debug|Any CPU
		{17273931-84DA-4ACB-B1AE-25E330DE0E5B}.Release|Any CPU.ActiveCfg = Release|Any CPU
		{17273931-84DA-4ACB-B1AE-25E330DE0E5B}.Release|Any CPU.Build.0 = Release|Any CPU
	EndGlobalSection
	GlobalSection(SolutionProperties) = preSolution
		HideSolutionNode = FALSE
	EndGlobalSection
	GlobalSection(ExtensibilityGlobals) = postSolution
		SolutionGuid = {01BC0B07-AEEF-4C1E-B4AA-86F16635069F}
	EndGlobalSection
EndGlobal
